// !$*UTF8*$!
{
	archiveVersion = 1;
	classes = {
	};
	objectVersion = 54;
	objects = {

/* Begin PBXBuildFile section */
		00D664B9D198D95235F1A855 /* Pods_Sample.framework in Frameworks */ = {isa = PBXBuildFile; fileRef = 07EFEC6BE6E1568625B0767F /* Pods_Sample.framework */; };
		65A8FFE326F183F900B21A69 /* ios_licence.key in Resources */ = {isa = PBXBuildFile; fileRef = 65A8FFE226F183F900B21A69 /* ios_licence.key */; };
		84A859CA2DFAFA400055410F /* MainViewController+EventListner.swift in Sources */ = {isa = PBXBuildFile; fileRef = 84A859C92DFAFA350055410F /* MainViewController+EventListner.swift */; };
		9BBBCA212AA01FC5001EB788 /* DebugLog.swift in Sources */ = {isa = PBXBuildFile; fileRef = 9BBBCA202AA01FC5001EB788 /* DebugLog.swift */; };
		BCB4FA2D1A8CAFB8A7C9F786 /* (null) in Frameworks */ = {isa = PBXBuildFile; };
		C047C89A228B1A8B00E376D0 /* AppDelegate.swift in Sources */ = {isa = PBXBuildFile; fileRef = C047C899228B1A8B00E376D0 /* AppDelegate.swift */; };
		C047C89F228B1A8B00E376D0 /* Main.storyboard in Resources */ = {isa = PBXBuildFile; fileRef = C047C89D228B1A8B00E376D0 /* Main.storyboard */; };
		C047C8A1228B1A8D00E376D0 /* Assets.xcassets in Resources */ = {isa = PBXBuildFile; fileRef = C047C8A0228B1A8D00E376D0 /* Assets.xcassets */; };
		C047C8A4228B1A8D00E376D0 /* LaunchScreen.storyboard in Resources */ = {isa = PBXBuildFile; fileRef = C047C8A2228B1A8D00E376D0 /* LaunchScreen.storyboard */; };
		E169A73D232A8CE900BF41AB /* MainViewController.swift in Sources */ = {isa = PBXBuildFile; fileRef = E169A73C232A8CE900BF41AB /* MainViewController.swift */; };
		E18B92F82492BDC5009A98FE /* mapstyle.zip in Resources */ = {isa = PBXBuildFile; fileRef = E18B92F72492BDC5009A98FE /* mapstyle.zip */; };
		E1AD45AA23832C9700CA981A /* HelveticaLTStd-Bold.otf in Resources */ = {isa = PBXBuildFile; fileRef = E1AD45A823832C9700CA981A /* HelveticaLTStd-Bold.otf */; };
		E1AD45AB23832C9700CA981A /* HelveticaLTStd-Roman.otf in Resources */ = {isa = PBXBuildFile; fileRef = E1AD45A923832C9700CA981A /* HelveticaLTStd-Roman.otf */; };
/* End PBXBuildFile section */

/* Begin PBXCopyFilesBuildPhase section */
		C047C8D0228B1F7A00E376D0 /* Embed Frameworks */ = {
			isa = PBXCopyFilesBuildPhase;
			buildActionMask = 2147483647;
			dstPath = "";
			dstSubfolderSpec = 10;
			files = (
			);
			name = "Embed Frameworks";
			runOnlyForDeploymentPostprocessing = 0;
		};
/* End PBXCopyFilesBuildPhase section */

/* Begin PBXFileReference section */
		07EFEC6BE6E1568625B0767F /* Pods_Sample.framework */ = {isa = PBXFileReference; explicitFileType = wrapper.framework; includeInIndex = 0; path = Pods_Sample.framework; sourceTree = BUILT_PRODUCTS_DIR; };
		350C6B49F7BBB9BD503EC54A /* Pods-Sample.release.xcconfig */ = {isa = PBXFileReference; includeInIndex = 1; lastKnownFileType = text.xcconfig; name = "Pods-Sample.release.xcconfig"; path = "Target Support Files/Pods-Sample/Pods-Sample.release.xcconfig"; sourceTree = "<group>"; };
		65A8FFE226F183F900B21A69 /* ios_licence.key */ = {isa = PBXFileReference; fileEncoding = 4; lastKnownFileType = text; path = ios_licence.key; sourceTree = "<group>"; };
		84A859C92DFAFA350055410F /* MainViewController+EventListner.swift */ = {isa = PBXFileReference; lastKnownFileType = sourcecode.swift; path = "MainViewController+EventListner.swift"; sourceTree = "<group>"; };
		9BBBCA202AA01FC5001EB788 /* DebugLog.swift */ = {isa = PBXFileReference; lastKnownFileType = sourcecode.swift; path = DebugLog.swift; sourceTree = "<group>"; };
		B5703DD9BFA6675E30A58064 /* Pods-Sample.debug.xcconfig */ = {isa = PBXFileReference; includeInIndex = 1; lastKnownFileType = text.xcconfig; name = "Pods-Sample.debug.xcconfig"; path = "Target Support Files/Pods-Sample/Pods-Sample.debug.xcconfig"; sourceTree = "<group>"; };
		C047C896228B1A8B00E376D0 /* Sample.app */ = {isa = PBXFileReference; explicitFileType = wrapper.application; includeInIndex = 0; path = Sample.app; sourceTree = BUILT_PRODUCTS_DIR; };
		C047C899228B1A8B00E376D0 /* AppDelegate.swift */ = {isa = PBXFileReference; lastKnownFileType = sourcecode.swift; path = AppDelegate.swift; sourceTree = "<group>"; };
		C047C89E228B1A8B00E376D0 /* Base */ = {isa = PBXFileReference; lastKnownFileType = file.storyboard; name = Base; path = Base.lproj/Main.storyboard; sourceTree = "<group>"; };
		C047C8A0228B1A8D00E376D0 /* Assets.xcassets */ = {isa = PBXFileReference; lastKnownFileType = folder.assetcatalog; path = Assets.xcassets; sourceTree = "<group>"; };
		C047C8A3228B1A8D00E376D0 /* Base */ = {isa = PBXFileReference; lastKnownFileType = file.storyboard; name = Base; path = Base.lproj/LaunchScreen.storyboard; sourceTree = "<group>"; };
		C047C8A5228B1A8D00E376D0 /* Info.plist */ = {isa = PBXFileReference; lastKnownFileType = text.plist.xml; path = Info.plist; sourceTree = "<group>"; };
		E169A73C232A8CE900BF41AB /* MainViewController.swift */ = {isa = PBXFileReference; lastKnownFileType = sourcecode.swift; path = MainViewController.swift; sourceTree = "<group>"; };
		E18B92F72492BDC5009A98FE /* mapstyle.zip */ = {isa = PBXFileReference; lastKnownFileType = archive.zip; path = mapstyle.zip; sourceTree = "<group>"; };
		E1AD45A823832C9700CA981A /* HelveticaLTStd-Bold.otf */ = {isa = PBXFileReference; lastKnownFileType = file; path = "HelveticaLTStd-Bold.otf"; sourceTree = "<group>"; };
		E1AD45A923832C9700CA981A /* HelveticaLTStd-Roman.otf */ = {isa = PBXFileReference; lastKnownFileType = file; path = "HelveticaLTStd-Roman.otf"; sourceTree = "<group>"; };
/* End PBXFileReference section */

/* Begin PBXFrameworksBuildPhase section */
		C047C893228B1A8B00E376D0 /* Frameworks */ = {
			isa = PBXFrameworksBuildPhase;
			buildActionMask = 2147483647;
			files = (
				BCB4FA2D1A8CAFB8A7C9F786 /* (null) in Frameworks */,
				00D664B9D198D95235F1A855 /* Pods_Sample.framework in Frameworks */,
			);
			runOnlyForDeploymentPostprocessing = 0;
		};
/* End PBXFrameworksBuildPhase section */

/* Begin PBXGroup section */
		65AD19C92763EA08002CDAB1 /* Storyboards */ = {
			isa = PBXGroup;
			children = (
				C047C89D228B1A8B00E376D0 /* Main.storyboard */,
			);
			path = Storyboards;
			sourceTree = "<group>";
		};
		897463D821B5C5B139A1EEFE /* Frameworks */ = {
			isa = PBXGroup;
			children = (
				07EFEC6BE6E1568625B0767F /* Pods_Sample.framework */,
			);
			name = Frameworks;
			sourceTree = "<group>";
		};
		C047C88D228B1A8B00E376D0 = {
			isa = PBXGroup;
			children = (
				C047C898228B1A8B00E376D0 /* Sample */,
				C047C897228B1A8B00E376D0 /* Products */,
				EE928C24BEF87B60D3C2C121 /* Pods */,
				897463D821B5C5B139A1EEFE /* Frameworks */,
			);
			sourceTree = "<group>";
		};
		C047C897228B1A8B00E376D0 /* Products */ = {
			isa = PBXGroup;
			children = (
				C047C896228B1A8B00E376D0 /* Sample.app */,
			);
			name = Products;
			sourceTree = "<group>";
		};
		C047C898228B1A8B00E376D0 /* Sample */ = {
			isa = PBXGroup;
			children = (
				E10C3B75234523AC00FF60B8 /* Resources */,
				E169A740232A8DD900BF41AB /* ViewControllers */,
				C047C899228B1A8B00E376D0 /* AppDelegate.swift */,
				65AD19C92763EA08002CDAB1 /* Storyboards */,
				C047C8A0228B1A8D00E376D0 /* Assets.xcassets */,
				C047C8A2228B1A8D00E376D0 /* LaunchScreen.storyboard */,
				C047C8A5228B1A8D00E376D0 /* Info.plist */,
			);
			path = Sample;
			sourceTree = "<group>";
		};
		E10C3B75234523AC00FF60B8 /* Resources */ = {
			isa = PBXGroup;
			children = (
				65A8FFE226F183F900B21A69 /* ios_licence.key */,
				E18B92F72492BDC5009A98FE /* mapstyle.zip */,
				E1AD45A723832C9700CA981A /* Fonts */,
			);
			path = Resources;
			sourceTree = "<group>";
		};
		E169A740232A8DD900BF41AB /* ViewControllers */ = {
			isa = PBXGroup;
			children = (
				84A859C92DFAFA350055410F /* MainViewController+EventListner.swift */,
				E169A73C232A8CE900BF41AB /* MainViewController.swift */,
				9BBBCA202AA01FC5001EB788 /* DebugLog.swift */,
			);
			path = ViewControllers;
			sourceTree = "<group>";
		};
		E1AD45A723832C9700CA981A /* Fonts */ = {
			isa = PBXGroup;
			children = (
				E1AD45A823832C9700CA981A /* HelveticaLTStd-Bold.otf */,
				E1AD45A923832C9700CA981A /* HelveticaLTStd-Roman.otf */,
			);
			path = Fonts;
			sourceTree = "<group>";
		};
		EE928C24BEF87B60D3C2C121 /* Pods */ = {
			isa = PBXGroup;
			children = (
				B5703DD9BFA6675E30A58064 /* Pods-Sample.debug.xcconfig */,
				350C6B49F7BBB9BD503EC54A /* Pods-Sample.release.xcconfig */,
			);
			path = Pods;
			sourceTree = "<group>";
		};
/* End PBXGroup section */

/* Begin PBXNativeTarget section */
		C047C895228B1A8B00E376D0 /* Sample */ = {
			isa = PBXNativeTarget;
			buildConfigurationList = C047C8A8228B1A8D00E376D0 /* Build configuration list for PBXNativeTarget "Sample" */;
			buildPhases = (
				8981EC678BE559E031D1A596 /* [CP] Check Pods Manifest.lock */,
				C047C892228B1A8B00E376D0 /* Sources */,
				C047C893228B1A8B00E376D0 /* Frameworks */,
				C047C894228B1A8B00E376D0 /* Resources */,
				C047C8D0228B1F7A00E376D0 /* Embed Frameworks */,
				3ADAA763D81D100B56EF6B42 /* [CP] Embed Pods Frameworks */,
			);
			buildRules = (
			);
			dependencies = (
			);
			name = Sample;
			productName = Demo;
			productReference = C047C896228B1A8B00E376D0 /* Sample.app */;
			productType = "com.apple.product-type.application";
		};
/* End PBXNativeTarget section */

/* Begin PBXProject section */
		C047C88E228B1A8B00E376D0 /* Project object */ = {
			isa = PBXProject;
			attributes = {
				LastSwiftUpdateCheck = 1020;
				LastUpgradeCheck = 1020;
				ORGANIZATIONNAME = Mapsted;
				TargetAttributes = {
					C047C895228B1A8B00E376D0 = {
						CreatedOnToolsVersion = 10.2.1;
						SystemCapabilities = {
							com.apple.BackgroundModes = {
								enabled = 1;
							};
						};
					};
				};
			};
			buildConfigurationList = C047C891228B1A8B00E376D0 /* Build configuration list for PBXProject "Sample" */;
			compatibilityVersion = "Xcode 9.3";
			developmentRegion = en;
			hasScannedForEncodings = 0;
			knownRegions = (
				en,
				Base,
			);
			mainGroup = C047C88D228B1A8B00E376D0;
			productRefGroup = C047C897228B1A8B00E376D0 /* Products */;
			projectDirPath = "";
			projectRoot = "";
			targets = (
				C047C895228B1A8B00E376D0 /* Sample */,
			);
		};
/* End PBXProject section */

/* Begin PBXResourcesBuildPhase section */
		C047C894228B1A8B00E376D0 /* Resources */ = {
			isa = PBXResourcesBuildPhase;
			buildActionMask = 2147483647;
			files = (
				C047C8A4228B1A8D00E376D0 /* LaunchScreen.storyboard in Resources */,
				E1AD45AB23832C9700CA981A /* HelveticaLTStd-Roman.otf in Resources */,
				E18B92F82492BDC5009A98FE /* mapstyle.zip in Resources */,
				C047C8A1228B1A8D00E376D0 /* Assets.xcassets in Resources */,
				C047C89F228B1A8B00E376D0 /* Main.storyboard in Resources */,
				E1AD45AA23832C9700CA981A /* HelveticaLTStd-Bold.otf in Resources */,
				65A8FFE326F183F900B21A69 /* ios_licence.key in Resources */,
			);
			runOnlyForDeploymentPostprocessing = 0;
		};
/* End PBXResourcesBuildPhase section */

/* Begin PBXShellScriptBuildPhase section */
		3ADAA763D81D100B56EF6B42 /* [CP] Embed Pods Frameworks */ = {
			isa = PBXShellScriptBuildPhase;
			buildActionMask = 2147483647;
			files = (
			);
			inputFileListPaths = (
				"${PODS_ROOT}/Target Support Files/Pods-Sample/Pods-Sample-frameworks-${CONFIGURATION}-input-files.xcfilelist",
			);
			name = "[CP] Embed Pods Frameworks";
			outputFileListPaths = (
				"${PODS_ROOT}/Target Support Files/Pods-Sample/Pods-Sample-frameworks-${CONFIGURATION}-output-files.xcfilelist",
			);
			runOnlyForDeploymentPostprocessing = 0;
			shellPath = /bin/sh;
			shellScript = "\"${PODS_ROOT}/Target Support Files/Pods-Sample/Pods-Sample-frameworks.sh\"\n";
			showEnvVarsInLog = 0;
		};
		8981EC678BE559E031D1A596 /* [CP] Check Pods Manifest.lock */ = {
			isa = PBXShellScriptBuildPhase;
			buildActionMask = 2147483647;
			files = (
			);
			inputFileListPaths = (
			);
			inputPaths = (
				"${PODS_PODFILE_DIR_PATH}/Podfile.lock",
				"${PODS_ROOT}/Manifest.lock",
			);
			name = "[CP] Check Pods Manifest.lock";
			outputFileListPaths = (
			);
			outputPaths = (
				"$(DERIVED_FILE_DIR)/Pods-Sample-checkManifestLockResult.txt",
			);
			runOnlyForDeploymentPostprocessing = 0;
			shellPath = /bin/sh;
			shellScript = "diff \"${PODS_PODFILE_DIR_PATH}/Podfile.lock\" \"${PODS_ROOT}/Manifest.lock\" > /dev/null\nif [ $? != 0 ] ; then\n    # print error to STDERR\n    echo \"error: The sandbox is not in sync with the Podfile.lock. Run 'pod install' or update your CocoaPods installation.\" >&2\n    exit 1\nfi\n# This output is used by Xcode 'outputs' to avoid re-running this script phase.\necho \"SUCCESS\" > \"${SCRIPT_OUTPUT_FILE_0}\"\n";
			showEnvVarsInLog = 0;
		};
/* End PBXShellScriptBuildPhase section */

/* Begin PBXSourcesBuildPhase section */
		C047C892228B1A8B00E376D0 /* Sources */ = {
			isa = PBXSourcesBuildPhase;
			buildActionMask = 2147483647;
			files = (
				C047C89A228B1A8B00E376D0 /* AppDelegate.swift in Sources */,
				E169A73D232A8CE900BF41AB /* MainViewController.swift in Sources */,
				84A859CA2DFAFA400055410F /* MainViewController+EventListner.swift in Sources */,
				9BBBCA212AA01FC5001EB788 /* DebugLog.swift in Sources */,
			);
			runOnlyForDeploymentPostprocessing = 0;
		};
/* End PBXSourcesBuildPhase section */

/* Begin PBXVariantGroup section */
		C047C89D228B1A8B00E376D0 /* Main.storyboard */ = {
			isa = PBXVariantGroup;
			children = (
				C047C89E228B1A8B00E376D0 /* Base */,
			);
			name = Main.storyboard;
			sourceTree = "<group>";
		};
		C047C8A2228B1A8D00E376D0 /* LaunchScreen.storyboard */ = {
			isa = PBXVariantGroup;
			children = (
				C047C8A3228B1A8D00E376D0 /* Base */,
			);
			name = LaunchScreen.storyboard;
			sourceTree = "<group>";
		};
/* End PBXVariantGroup section */

/* Begin XCBuildConfiguration section */
		C047C8A6228B1A8D00E376D0 /* Debug */ = {
			isa = XCBuildConfiguration;
			buildSettings = {
				ALWAYS_SEARCH_USER_PATHS = NO;
				CLANG_ANALYZER_NONNULL = YES;
				CLANG_ANALYZER_NUMBER_OBJECT_CONVERSION = YES_AGGRESSIVE;
				CLANG_CXX_LANGUAGE_STANDARD = "gnu++14";
				CLANG_CXX_LIBRARY = "libc++";
				CLANG_ENABLE_MODULES = YES;
				CLANG_ENABLE_OBJC_ARC = YES;
				CLANG_ENABLE_OBJC_WEAK = YES;
				CLANG_WARN_BLOCK_CAPTURE_AUTORELEASING = YES;
				CLANG_WARN_BOOL_CONVERSION = YES;
				CLANG_WARN_COMMA = YES;
				CLANG_WARN_CONSTANT_CONVERSION = YES;
				CLANG_WARN_DEPRECATED_OBJC_IMPLEMENTATIONS = YES;
				CLANG_WARN_DIRECT_OBJC_ISA_USAGE = YES_ERROR;
				CLANG_WARN_DOCUMENTATION_COMMENTS = YES;
				CLANG_WARN_EMPTY_BODY = YES;
				CLANG_WARN_ENUM_CONVERSION = YES;
				CLANG_WARN_INFINITE_RECURSION = YES;
				CLANG_WARN_INT_CONVERSION = YES;
				CLANG_WARN_NON_LITERAL_NULL_CONVERSION = YES;
				CLANG_WARN_OBJC_IMPLICIT_RETAIN_SELF = YES;
				CLANG_WARN_OBJC_LITERAL_CONVERSION = YES;
				CLANG_WARN_OBJC_ROOT_CLASS = YES_ERROR;
				CLANG_WARN_RANGE_LOOP_ANALYSIS = YES;
				CLANG_WARN_STRICT_PROTOTYPES = YES;
				CLANG_WARN_SUSPICIOUS_MOVE = YES;
				CLANG_WARN_UNGUARDED_AVAILABILITY = YES_AGGRESSIVE;
				CLANG_WARN_UNREACHABLE_CODE = YES;
				CLANG_WARN__DUPLICATE_METHOD_MATCH = YES;
				CODE_SIGN_IDENTITY = "iPhone Developer";
				ENABLE_STRICT_OBJC_MSGSEND = YES;
				ENABLE_TESTABILITY = YES;
				GCC_C_LANGUAGE_STANDARD = gnu11;
				GCC_DYNAMIC_NO_PIC = NO;
				GCC_NO_COMMON_BLOCKS = YES;
				GCC_OPTIMIZATION_LEVEL = 0;
				GCC_PREPROCESSOR_DEFINITIONS = (
					"DEBUG=1",
					"$(inherited)",
				);
				GCC_WARN_64_TO_32_BIT_CONVERSION = YES;
				GCC_WARN_ABOUT_RETURN_TYPE = YES_ERROR;
				GCC_WARN_UNDECLARED_SELECTOR = YES;
				GCC_WARN_UNINITIALIZED_AUTOS = YES_AGGRESSIVE;
				GCC_WARN_UNUSED_FUNCTION = YES;
				GCC_WARN_UNUSED_VARIABLE = YES;
				IPHONEOS_DEPLOYMENT_TARGET = 12.2;
				MTL_ENABLE_DEBUG_INFO = INCLUDE_SOURCE;
				MTL_FAST_MATH = YES;
				ONLY_ACTIVE_ARCH = YES;
				SDKROOT = iphoneos;
				SWIFT_ACTIVE_COMPILATION_CONDITIONS = DEBUG;
				SWIFT_OPTIMIZATION_LEVEL = "-Onone";
			};
			name = Debug;
		};
		C047C8A7228B1A8D00E376D0 /* Release */ = {
			isa = XCBuildConfiguration;
			buildSettings = {
				ALWAYS_SEARCH_USER_PATHS = NO;
				CLANG_ANALYZER_NONNULL = YES;
				CLANG_ANALYZER_NUMBER_OBJECT_CONVERSION = YES_AGGRESSIVE;
				CLANG_CXX_LANGUAGE_STANDARD = "gnu++14";
				CLANG_CXX_LIBRARY = "libc++";
				CLANG_ENABLE_MODULES = YES;
				CLANG_ENABLE_OBJC_ARC = YES;
				CLANG_ENABLE_OBJC_WEAK = YES;
				CLANG_WARN_BLOCK_CAPTURE_AUTORELEASING = YES;
				CLANG_WARN_BOOL_CONVERSION = YES;
				CLANG_WARN_COMMA = YES;
				CLANG_WARN_CONSTANT_CONVERSION = YES;
				CLANG_WARN_DEPRECATED_OBJC_IMPLEMENTATIONS = YES;
				CLANG_WARN_DIRECT_OBJC_ISA_USAGE = YES_ERROR;
				CLANG_WARN_DOCUMENTATION_COMMENTS = YES;
				CLANG_WARN_EMPTY_BODY = YES;
				CLANG_WARN_ENUM_CONVERSION = YES;
				CLANG_WARN_INFINITE_RECURSION = YES;
				CLANG_WARN_INT_CONVERSION = YES;
				CLANG_WARN_NON_LITERAL_NULL_CONVERSION = YES;
				CLANG_WARN_OBJC_IMPLICIT_RETAIN_SELF = YES;
				CLANG_WARN_OBJC_LITERAL_CONVERSION = YES;
				CLANG_WARN_OBJC_ROOT_CLASS = YES_ERROR;
				CLANG_WARN_RANGE_LOOP_ANALYSIS = YES;
				CLANG_WARN_STRICT_PROTOTYPES = YES;
				CLANG_WARN_SUSPICIOUS_MOVE = YES;
				CLANG_WARN_UNGUARDED_AVAILABILITY = YES_AGGRESSIVE;
				CLANG_WARN_UNREACHABLE_CODE = YES;
				CLANG_WARN__DUPLICATE_METHOD_MATCH = YES;
				CODE_SIGN_IDENTITY = "iPhone Developer";
				ENABLE_NS_ASSERTIONS = NO;
				ENABLE_STRICT_OBJC_MSGSEND = YES;
				GCC_C_LANGUAGE_STANDARD = gnu11;
				GCC_NO_COMMON_BLOCKS = YES;
				GCC_WARN_64_TO_32_BIT_CONVERSION = YES;
				GCC_WARN_ABOUT_RETURN_TYPE = YES_ERROR;
				GCC_WARN_UNDECLARED_SELECTOR = YES;
				GCC_WARN_UNINITIALIZED_AUTOS = YES_AGGRESSIVE;
				GCC_WARN_UNUSED_FUNCTION = YES;
				GCC_WARN_UNUSED_VARIABLE = YES;
				IPHONEOS_DEPLOYMENT_TARGET = 12.2;
				MTL_ENABLE_DEBUG_INFO = NO;
				MTL_FAST_MATH = YES;
				SDKROOT = iphoneos;
				SWIFT_COMPILATION_MODE = wholemodule;
				SWIFT_OPTIMIZATION_LEVEL = "-O";
				VALIDATE_PRODUCT = YES;
			};
			name = Release;
		};
		C047C8A9228B1A8D00E376D0 /* Debug */ = {
			isa = XCBuildConfiguration;
			baseConfigurationReference = B5703DD9BFA6675E30A58064 /* Pods-Sample.debug.xcconfig */;
			buildSettings = {
				ASSETCATALOG_COMPILER_APPICON_NAME = AppIcon;
				CODE_SIGN_IDENTITY = "iPhone Developer";
				CODE_SIGN_STYLE = Automatic;
				CURRENT_PROJECT_VERSION = 2;
				DEVELOPMENT_TEAM = 6YU4WVH5YQ;
				ENABLE_BITCODE = NO;
				FRAMEWORK_SEARCH_PATHS = "$(inherited)";
				INFOPLIST_FILE = "$(SRCROOT)/Sample/Info.plist";
				IPHONEOS_DEPLOYMENT_TARGET = 13.0;
				LD_RUNPATH_SEARCH_PATHS = (
					"$(inherited)",
					"@executable_path/Frameworks",
				);
				MARKETING_VERSION = 5.3;
				ONLY_ACTIVE_ARCH = YES;
				PRODUCT_BUNDLE_IDENTIFIER = com.mapsted.sample;
				PRODUCT_NAME = Sample;
				PROVISIONING_PROFILE_SPECIFIER = "";
				SWIFT_VERSION = 5.0;
				TARGETED_DEVICE_FAMILY = 1;
			};
			name = Debug;
		};
		C047C8AA228B1A8D00E376D0 /* Release */ = {
			isa = XCBuildConfiguration;
			baseConfigurationReference = 350C6B49F7BBB9BD503EC54A /* Pods-Sample.release.xcconfig */;
			buildSettings = {
				ASSETCATALOG_COMPILER_APPICON_NAME = AppIcon;
				CODE_SIGN_IDENTITY = "iPhone Developer";
				CODE_SIGN_STYLE = Automatic;
				CURRENT_PROJECT_VERSION = 2;
				DEVELOPMENT_TEAM = 6YU4WVH5YQ;
				ENABLE_BITCODE = NO;
				FRAMEWORK_SEARCH_PATHS = "$(inherited)";
				INFOPLIST_FILE = "$(SRCROOT)/Sample/Info.plist";
				IPHONEOS_DEPLOYMENT_TARGET = 13.0;
				LD_RUNPATH_SEARCH_PATHS = (
					"$(inherited)",
					"@executable_path/Frameworks",
				);
				MARKETING_VERSION = 5.3;
				PRODUCT_BUNDLE_IDENTIFIER = com.mapsted.sample;
				PRODUCT_NAME = Sample;
				PROVISIONING_PROFILE_SPECIFIER = "";
				SWIFT_VERSION = 5.0;
				TARGETED_DEVICE_FAMILY = 1;
			};
			name = Release;
		};
/* End XCBuildConfiguration section */

/* Begin XCConfigurationList section */
		C047C891228B1A8B00E376D0 /* Build configuration list for PBXProject "Sample" */ = {
			isa = XCConfigurationList;
			buildConfigurations = (
				C047C8A6228B1A8D00E376D0 /* Debug */,
				C047C8A7228B1A8D00E376D0 /* Release */,
			);
			defaultConfigurationIsVisible = 0;
			defaultConfigurationName = Release;
		};
		C047C8A8228B1A8D00E376D0 /* Build configuration list for PBXNativeTarget "Sample" */ = {
			isa = XCConfigurationList;
			buildConfigurations = (
				C047C8A9228B1A8D00E376D0 /* Debug */,
				C047C8AA228B1A8D00E376D0 /* Release */,
			);
			defaultConfigurationIsVisible = 0;
			defaultConfigurationName = Release;
		};
/* End XCConfigurationList section */
	};
	rootObject = C047C88E228B1A8B00E376D0 /* Project object */;
}
