PODS:
  - mapsted-sdk-core (6.1.0):
    - SSZipArchive
  - mapsted-sdk-core-map (4.4.6.2)
  - mapsted-sdk-map (6.1.0):
    - mapsted-sdk-core (= 6.1.0)
    - mapsted-sdk-core-map (= 4.4.6.2)
  - SSZipArchive (2.4.3)

DEPENDENCIES:
  - mapsted-sdk-map (~> 6.0)

SPEC REPOS:
  https://github.com/Mapsted/podspec:
    - mapsted-sdk-core
    - mapsted-sdk-core-map
    - mapsted-sdk-map
  trunk:
    - SSZipArchive

SPEC CHECKSUMS:
  mapsted-sdk-core: 3cf7a8951f5c34a07d15b2c7e2c0058447f0abeb
  mapsted-sdk-core-map: f9f54c75dc87cc515e05df239242804da3625239
  mapsted-sdk-map: 1b43b5d45eca22e002a61ea0052e2885d609b1c7
  SSZipArchive: fe6a26b2a54d5a0890f2567b5cc6de5caa600aef

PODFILE CHECKSUM: 8565a3afd2563f37ad75c6b521cd7b404de550f2

COCOAPODS: 1.15.2
