PODS:
  - mapsted-sdk-alerts (6.1.0):
    - mapsted-sdk-triggers-core (= 6.1.0)
  - mapsted-sdk-core (6.1.0):
    - SSZipArchive
  - mapsted-sdk-core-map (4.4.6.2)
  - mapsted-sdk-loc-marketing (6.1.0):
    - mapsted-sdk-core (= 6.1.0)
  - mapsted-sdk-location-share (6.1.0):
    - mapsted-sdk-core (= 6.1.0)
  - mapsted-sdk-map (6.1.0):
    - mapsted-sdk-core (= 6.1.0)
    - mapsted-sdk-core-map (= 4.4.6.2)
  - mapsted-sdk-map-ui (6.1.0):
    - mapsted-sdk-alerts (= 6.1.0)
    - mapsted-sdk-loc-marketing (= 6.1.0)
    - mapsted-sdk-location-share (= 6.1.0)
    - mapsted-sdk-map (= 6.1.0)
    - mapsted-sdk-topbar-notification (= 6.1.0)
    - SDWebImage
  - mapsted-sdk-topbar-notification (6.1.0):
    - mapsted-sdk-core (= 6.1.0)
    - mapsted-sdk-location-share (= 6.1.0)
  - mapsted-sdk-triggers-core (6.1.0):
    - mapsted-sdk-core (= 6.1.0)
  - SDWebImage (5.20.0):
    - SDWebImage/Core (= 5.20.0)
  - SDWebImage/Core (5.20.0)
  - SSZipArchive (2.4.3)

DEPENDENCIES:
  - mapsted-sdk-map-ui (~> 6.0)

SPEC REPOS:
  https://github.com/Mapsted/podspec:
    - mapsted-sdk-alerts
    - mapsted-sdk-core
    - mapsted-sdk-core-map
    - mapsted-sdk-loc-marketing
    - mapsted-sdk-location-share
    - mapsted-sdk-map
    - mapsted-sdk-map-ui
    - mapsted-sdk-topbar-notification
    - mapsted-sdk-triggers-core
  trunk:
    - SDWebImage
    - SSZipArchive

SPEC CHECKSUMS:
  mapsted-sdk-alerts: 60e617c4037bf0597259bf23470c72dbeb49bcc3
  mapsted-sdk-core: 3cf7a8951f5c34a07d15b2c7e2c0058447f0abeb
  mapsted-sdk-core-map: f9f54c75dc87cc515e05df239242804da3625239
  mapsted-sdk-loc-marketing: 6496d94e2c218155ea9172004402c90bb6c9f43c
  mapsted-sdk-location-share: 511495a6560da831e01b7325d922936d2076abbd
  mapsted-sdk-map: 1b43b5d45eca22e002a61ea0052e2885d609b1c7
  mapsted-sdk-map-ui: 7cac61554a64006501cf06f744f11fbf349e8beb
  mapsted-sdk-topbar-notification: 62541d491dde678e4ff9f4a3738fc92dc5df965b
  mapsted-sdk-triggers-core: 75414dcc6688349460f49b1d448d175dacbb6d4d
  SDWebImage: 73c6079366fea25fa4bb9640d5fb58f0893facd8
  SSZipArchive: fe6a26b2a54d5a0890f2567b5cc6de5caa600aef

PODFILE CHECKSUM: 49b17c615215d12d9fea0b47ceab4512859bb2eb

COCOAPODS: 1.15.2
