// !$*UTF8*$!
{
	archiveVersion = 1;
	classes = {
	};
	objectVersion = 56;
	objects = {

/* Begin PBXBuildFile section */
		5F4634D76F4AED2FE4C0660D /* Pods_MapstedAppTemplateSampleIOS.framework in Frameworks */ = {isa = PBXBuildFile; fileRef = 43DF164619840A83AED971BF /* Pods_MapstedAppTemplateSampleIOS.framework */; };
		941878912C932013006A2963 /* Logo-Animation-Dark.gif in Resources */ = {isa = PBXBuildFile; fileRef = 9418788F2C932013006A2963 /* Logo-Animation-Dark.gif */; };
		941878922C932013006A2963 /* Logo-Animation.gif in Resources */ = {isa = PBXBuildFile; fileRef = 941878902C932013006A2963 /* Logo-Animation.gif */; };
		941E2F962C88C38100659F36 /* AppDelegate.swift in Sources */ = {isa = PBXBuildFile; fileRef = 941E2F952C88C38100659F36 /* AppDelegate.swift */; };
		941E2F982C88C38100659F36 /* SceneDelegate.swift in Sources */ = {isa = PBXBuildFile; fileRef = 941E2F972C88C38100659F36 /* SceneDelegate.swift */; };
		941E2F9D2C88C38100659F36 /* Main.storyboard in Resources */ = {isa = PBXBuildFile; fileRef = 941E2F9B2C88C38100659F36 /* Main.storyboard */; };
		941E2F9F2C88C38200659F36 /* Assets.xcassets in Resources */ = {isa = PBXBuildFile; fileRef = 941E2F9E2C88C38200659F36 /* Assets.xcassets */; };
		941E2FA22C88C38200659F36 /* LaunchScreen.storyboard in Resources */ = {isa = PBXBuildFile; fileRef = 941E2FA02C88C38200659F36 /* LaunchScreen.storyboard */; };
		949870BB2C9B23B700E3CFD8 /* ios_licence.key in Resources */ = {isa = PBXBuildFile; fileRef = 949870BA2C9B23B700E3CFD8 /* ios_licence.key */; };
		94DF1BDB2C89DBD300E1C112 /* InitialViewController.swift in Sources */ = {isa = PBXBuildFile; fileRef = 94DF1BDA2C89DBD300E1C112 /* InitialViewController.swift */; };
/* End PBXBuildFile section */

/* Begin PBXFileReference section */
		43DF164619840A83AED971BF /* Pods_MapstedAppTemplateSampleIOS.framework */ = {isa = PBXFileReference; explicitFileType = wrapper.framework; includeInIndex = 0; path = Pods_MapstedAppTemplateSampleIOS.framework; sourceTree = BUILT_PRODUCTS_DIR; };
		85B5AE86E84E5BEFA53EA862 /* Pods-MapstedAppTemplateSampleIOS.release.xcconfig */ = {isa = PBXFileReference; includeInIndex = 1; lastKnownFileType = text.xcconfig; name = "Pods-MapstedAppTemplateSampleIOS.release.xcconfig"; path = "Target Support Files/Pods-MapstedAppTemplateSampleIOS/Pods-MapstedAppTemplateSampleIOS.release.xcconfig"; sourceTree = "<group>"; };
		9418788F2C932013006A2963 /* Logo-Animation-Dark.gif */ = {isa = PBXFileReference; lastKnownFileType = image.gif; path = "Logo-Animation-Dark.gif"; sourceTree = "<group>"; };
		941878902C932013006A2963 /* Logo-Animation.gif */ = {isa = PBXFileReference; lastKnownFileType = image.gif; path = "Logo-Animation.gif"; sourceTree = "<group>"; };
		941E2F922C88C38100659F36 /* MapstedAppTemplateSampleIOS.app */ = {isa = PBXFileReference; explicitFileType = wrapper.application; includeInIndex = 0; path = MapstedAppTemplateSampleIOS.app; sourceTree = BUILT_PRODUCTS_DIR; };
		941E2F952C88C38100659F36 /* AppDelegate.swift */ = {isa = PBXFileReference; lastKnownFileType = sourcecode.swift; path = AppDelegate.swift; sourceTree = "<group>"; };
		941E2F972C88C38100659F36 /* SceneDelegate.swift */ = {isa = PBXFileReference; lastKnownFileType = sourcecode.swift; path = SceneDelegate.swift; sourceTree = "<group>"; };
		941E2F9C2C88C38100659F36 /* Base */ = {isa = PBXFileReference; lastKnownFileType = file.storyboard; name = Base; path = Base.lproj/Main.storyboard; sourceTree = "<group>"; };
		941E2F9E2C88C38200659F36 /* Assets.xcassets */ = {isa = PBXFileReference; lastKnownFileType = folder.assetcatalog; path = Assets.xcassets; sourceTree = "<group>"; };
		941E2FA12C88C38200659F36 /* Base */ = {isa = PBXFileReference; lastKnownFileType = file.storyboard; name = Base; path = Base.lproj/LaunchScreen.storyboard; sourceTree = "<group>"; };
		941E2FA32C88C38200659F36 /* Info.plist */ = {isa = PBXFileReference; lastKnownFileType = text.plist.xml; path = Info.plist; sourceTree = "<group>"; };
		949870BA2C9B23B700E3CFD8 /* ios_licence.key */ = {isa = PBXFileReference; fileEncoding = 4; lastKnownFileType = text; path = ios_licence.key; sourceTree = "<group>"; };
		94DF1BDA2C89DBD300E1C112 /* InitialViewController.swift */ = {isa = PBXFileReference; lastKnownFileType = sourcecode.swift; path = InitialViewController.swift; sourceTree = "<group>"; };
		EC1D4DF63A9A7416B9A3E776 /* Pods-MapstedAppTemplateSampleIOS.debug.xcconfig */ = {isa = PBXFileReference; includeInIndex = 1; lastKnownFileType = text.xcconfig; name = "Pods-MapstedAppTemplateSampleIOS.debug.xcconfig"; path = "Target Support Files/Pods-MapstedAppTemplateSampleIOS/Pods-MapstedAppTemplateSampleIOS.debug.xcconfig"; sourceTree = "<group>"; };
/* End PBXFileReference section */

/* Begin PBXFrameworksBuildPhase section */
		941E2F8F2C88C38100659F36 /* Frameworks */ = {
			isa = PBXFrameworksBuildPhase;
			buildActionMask = 2147483647;
			files = (
				5F4634D76F4AED2FE4C0660D /* Pods_MapstedAppTemplateSampleIOS.framework in Frameworks */,
			);
			runOnlyForDeploymentPostprocessing = 0;
		};
/* End PBXFrameworksBuildPhase section */

/* Begin PBXGroup section */
		8C4EF0840E08EACF20A977C3 /* Frameworks */ = {
			isa = PBXGroup;
			children = (
				43DF164619840A83AED971BF /* Pods_MapstedAppTemplateSampleIOS.framework */,
			);
			name = Frameworks;
			sourceTree = "<group>";
		};
		9418788A2C931DB6006A2963 /* Resource */ = {
			isa = PBXGroup;
			children = (
				949870BA2C9B23B700E3CFD8 /* ios_licence.key */,
				9418788F2C932013006A2963 /* Logo-Animation-Dark.gif */,
				941878902C932013006A2963 /* Logo-Animation.gif */,
			);
			path = Resource;
			sourceTree = "<group>";
		};
		941E2F892C88C38100659F36 = {
			isa = PBXGroup;
			children = (
				941E2F942C88C38100659F36 /* MapstedAppTemplateSampleIOS */,
				941E2F932C88C38100659F36 /* Products */,
				F8E6D7BFD170D6A162B9BA92 /* Pods */,
				8C4EF0840E08EACF20A977C3 /* Frameworks */,
			);
			sourceTree = "<group>";
		};
		941E2F932C88C38100659F36 /* Products */ = {
			isa = PBXGroup;
			children = (
				941E2F922C88C38100659F36 /* MapstedAppTemplateSampleIOS.app */,
			);
			name = Products;
			sourceTree = "<group>";
		};
		941E2F942C88C38100659F36 /* MapstedAppTemplateSampleIOS */ = {
			isa = PBXGroup;
			children = (
				941E2F952C88C38100659F36 /* AppDelegate.swift */,
				941E2F972C88C38100659F36 /* SceneDelegate.swift */,
				941E2F9B2C88C38100659F36 /* Main.storyboard */,
				941E2F9E2C88C38200659F36 /* Assets.xcassets */,
				941E2FA02C88C38200659F36 /* LaunchScreen.storyboard */,
				941E2FA32C88C38200659F36 /* Info.plist */,
				94DF1BDA2C89DBD300E1C112 /* InitialViewController.swift */,
				9418788A2C931DB6006A2963 /* Resource */,
			);
			path = MapstedAppTemplateSampleIOS;
			sourceTree = "<group>";
		};
		F8E6D7BFD170D6A162B9BA92 /* Pods */ = {
			isa = PBXGroup;
			children = (
				EC1D4DF63A9A7416B9A3E776 /* Pods-MapstedAppTemplateSampleIOS.debug.xcconfig */,
				85B5AE86E84E5BEFA53EA862 /* Pods-MapstedAppTemplateSampleIOS.release.xcconfig */,
			);
			path = Pods;
			sourceTree = "<group>";
		};
/* End PBXGroup section */

/* Begin PBXNativeTarget section */
		941E2F912C88C38100659F36 /* MapstedAppTemplateSampleIOS */ = {
			isa = PBXNativeTarget;
			buildConfigurationList = 941E2FA62C88C38200659F36 /* Build configuration list for PBXNativeTarget "MapstedAppTemplateSampleIOS" */;
			buildPhases = (
				2EDF0C14445BC58AF30B78D1 /* [CP] Check Pods Manifest.lock */,
				941E2F8E2C88C38100659F36 /* Sources */,
				941E2F8F2C88C38100659F36 /* Frameworks */,
				941E2F902C88C38100659F36 /* Resources */,
				728C11C8D98BBE9BF6A1BE85 /* [CP] Embed Pods Frameworks */,
			);
			buildRules = (
			);
			dependencies = (
			);
			name = MapstedAppTemplateSampleIOS;
			productName = MapstedAppTemplateSampleIOS;
			productReference = 941E2F922C88C38100659F36 /* MapstedAppTemplateSampleIOS.app */;
			productType = "com.apple.product-type.application";
		};
/* End PBXNativeTarget section */

/* Begin PBXProject section */
		941E2F8A2C88C38100659F36 /* Project object */ = {
			isa = PBXProject;
			attributes = {
				BuildIndependentTargetsInParallel = 1;
				LastSwiftUpdateCheck = 1500;
				LastUpgradeCheck = 1500;
				TargetAttributes = {
					941E2F912C88C38100659F36 = {
						CreatedOnToolsVersion = 15.0;
					};
				};
			};
			buildConfigurationList = 941E2F8D2C88C38100659F36 /* Build configuration list for PBXProject "MapstedAppTemplateSampleIOS" */;
			compatibilityVersion = "Xcode 14.0";
			developmentRegion = en;
			hasScannedForEncodings = 0;
			knownRegions = (
				en,
				Base,
			);
			mainGroup = 941E2F892C88C38100659F36;
			productRefGroup = 941E2F932C88C38100659F36 /* Products */;
			projectDirPath = "";
			projectRoot = "";
			targets = (
				941E2F912C88C38100659F36 /* MapstedAppTemplateSampleIOS */,
			);
		};
/* End PBXProject section */

/* Begin PBXResourcesBuildPhase section */
		941E2F902C88C38100659F36 /* Resources */ = {
			isa = PBXResourcesBuildPhase;
			buildActionMask = 2147483647;
			files = (
				941E2FA22C88C38200659F36 /* LaunchScreen.storyboard in Resources */,
				941E2F9F2C88C38200659F36 /* Assets.xcassets in Resources */,
				941E2F9D2C88C38100659F36 /* Main.storyboard in Resources */,
				949870BB2C9B23B700E3CFD8 /* ios_licence.key in Resources */,
				941878922C932013006A2963 /* Logo-Animation.gif in Resources */,
				941878912C932013006A2963 /* Logo-Animation-Dark.gif in Resources */,
			);
			runOnlyForDeploymentPostprocessing = 0;
		};
/* End PBXResourcesBuildPhase section */

/* Begin PBXShellScriptBuildPhase section */
		2EDF0C14445BC58AF30B78D1 /* [CP] Check Pods Manifest.lock */ = {
			isa = PBXShellScriptBuildPhase;
			buildActionMask = 2147483647;
			files = (
			);
			inputFileListPaths = (
			);
			inputPaths = (
				"${PODS_PODFILE_DIR_PATH}/Podfile.lock",
				"${PODS_ROOT}/Manifest.lock",
			);
			name = "[CP] Check Pods Manifest.lock";
			outputFileListPaths = (
			);
			outputPaths = (
				"$(DERIVED_FILE_DIR)/Pods-MapstedAppTemplateSampleIOS-checkManifestLockResult.txt",
			);
			runOnlyForDeploymentPostprocessing = 0;
			shellPath = /bin/sh;
			shellScript = "diff \"${PODS_PODFILE_DIR_PATH}/Podfile.lock\" \"${PODS_ROOT}/Manifest.lock\" > /dev/null\nif [ $? != 0 ] ; then\n    # print error to STDERR\n    echo \"error: The sandbox is not in sync with the Podfile.lock. Run 'pod install' or update your CocoaPods installation.\" >&2\n    exit 1\nfi\n# This output is used by Xcode 'outputs' to avoid re-running this script phase.\necho \"SUCCESS\" > \"${SCRIPT_OUTPUT_FILE_0}\"\n";
			showEnvVarsInLog = 0;
		};
		728C11C8D98BBE9BF6A1BE85 /* [CP] Embed Pods Frameworks */ = {
			isa = PBXShellScriptBuildPhase;
			buildActionMask = 2147483647;
			files = (
			);
			inputFileListPaths = (
				"${PODS_ROOT}/Target Support Files/Pods-MapstedAppTemplateSampleIOS/Pods-MapstedAppTemplateSampleIOS-frameworks-${CONFIGURATION}-input-files.xcfilelist",
			);
			name = "[CP] Embed Pods Frameworks";
			outputFileListPaths = (
				"${PODS_ROOT}/Target Support Files/Pods-MapstedAppTemplateSampleIOS/Pods-MapstedAppTemplateSampleIOS-frameworks-${CONFIGURATION}-output-files.xcfilelist",
			);
			runOnlyForDeploymentPostprocessing = 0;
			shellPath = /bin/sh;
			shellScript = "\"${PODS_ROOT}/Target Support Files/Pods-MapstedAppTemplateSampleIOS/Pods-MapstedAppTemplateSampleIOS-frameworks.sh\"\n";
			showEnvVarsInLog = 0;
		};
/* End PBXShellScriptBuildPhase section */

/* Begin PBXSourcesBuildPhase section */
		941E2F8E2C88C38100659F36 /* Sources */ = {
			isa = PBXSourcesBuildPhase;
			buildActionMask = 2147483647;
			files = (
				94DF1BDB2C89DBD300E1C112 /* InitialViewController.swift in Sources */,
				941E2F962C88C38100659F36 /* AppDelegate.swift in Sources */,
				941E2F982C88C38100659F36 /* SceneDelegate.swift in Sources */,
			);
			runOnlyForDeploymentPostprocessing = 0;
		};
/* End PBXSourcesBuildPhase section */

/* Begin PBXVariantGroup section */
		941E2F9B2C88C38100659F36 /* Main.storyboard */ = {
			isa = PBXVariantGroup;
			children = (
				941E2F9C2C88C38100659F36 /* Base */,
			);
			name = Main.storyboard;
			sourceTree = "<group>";
		};
		941E2FA02C88C38200659F36 /* LaunchScreen.storyboard */ = {
			isa = PBXVariantGroup;
			children = (
				941E2FA12C88C38200659F36 /* Base */,
			);
			name = LaunchScreen.storyboard;
			sourceTree = "<group>";
		};
/* End PBXVariantGroup section */

/* Begin XCBuildConfiguration section */
		941E2FA42C88C38200659F36 /* Debug */ = {
			isa = XCBuildConfiguration;
			buildSettings = {
				ALWAYS_SEARCH_USER_PATHS = NO;
				ASSETCATALOG_COMPILER_GENERATE_SWIFT_ASSET_SYMBOL_EXTENSIONS = YES;
				CLANG_ANALYZER_NONNULL = YES;
				CLANG_ANALYZER_NUMBER_OBJECT_CONVERSION = YES_AGGRESSIVE;
				CLANG_CXX_LANGUAGE_STANDARD = "gnu++20";
				CLANG_ENABLE_MODULES = YES;
				CLANG_ENABLE_OBJC_ARC = YES;
				CLANG_ENABLE_OBJC_WEAK = YES;
				CLANG_WARN_BLOCK_CAPTURE_AUTORELEASING = YES;
				CLANG_WARN_BOOL_CONVERSION = YES;
				CLANG_WARN_COMMA = YES;
				CLANG_WARN_CONSTANT_CONVERSION = YES;
				CLANG_WARN_DEPRECATED_OBJC_IMPLEMENTATIONS = YES;
				CLANG_WARN_DIRECT_OBJC_ISA_USAGE = YES_ERROR;
				CLANG_WARN_DOCUMENTATION_COMMENTS = YES;
				CLANG_WARN_EMPTY_BODY = YES;
				CLANG_WARN_ENUM_CONVERSION = YES;
				CLANG_WARN_INFINITE_RECURSION = YES;
				CLANG_WARN_INT_CONVERSION = YES;
				CLANG_WARN_NON_LITERAL_NULL_CONVERSION = YES;
				CLANG_WARN_OBJC_IMPLICIT_RETAIN_SELF = YES;
				CLANG_WARN_OBJC_LITERAL_CONVERSION = YES;
				CLANG_WARN_OBJC_ROOT_CLASS = YES_ERROR;
				CLANG_WARN_QUOTED_INCLUDE_IN_FRAMEWORK_HEADER = YES;
				CLANG_WARN_RANGE_LOOP_ANALYSIS = YES;
				CLANG_WARN_STRICT_PROTOTYPES = YES;
				CLANG_WARN_SUSPICIOUS_MOVE = YES;
				CLANG_WARN_UNGUARDED_AVAILABILITY = YES_AGGRESSIVE;
				CLANG_WARN_UNREACHABLE_CODE = YES;
				CLANG_WARN__DUPLICATE_METHOD_MATCH = YES;
				COPY_PHASE_STRIP = NO;
				DEBUG_INFORMATION_FORMAT = dwarf;
				ENABLE_STRICT_OBJC_MSGSEND = YES;
				ENABLE_TESTABILITY = YES;
				ENABLE_USER_SCRIPT_SANDBOXING = YES;
				GCC_C_LANGUAGE_STANDARD = gnu17;
				GCC_DYNAMIC_NO_PIC = NO;
				GCC_NO_COMMON_BLOCKS = YES;
				GCC_OPTIMIZATION_LEVEL = 0;
				GCC_PREPROCESSOR_DEFINITIONS = (
					"DEBUG=1",
					"$(inherited)",
				);
				GCC_WARN_64_TO_32_BIT_CONVERSION = YES;
				GCC_WARN_ABOUT_RETURN_TYPE = YES_ERROR;
				GCC_WARN_UNDECLARED_SELECTOR = YES;
				GCC_WARN_UNINITIALIZED_AUTOS = YES_AGGRESSIVE;
				GCC_WARN_UNUSED_FUNCTION = YES;
				GCC_WARN_UNUSED_VARIABLE = YES;
				IPHONEOS_DEPLOYMENT_TARGET = 17.0;
				LOCALIZATION_PREFERS_STRING_CATALOGS = YES;
				MTL_ENABLE_DEBUG_INFO = INCLUDE_SOURCE;
				MTL_FAST_MATH = YES;
				ONLY_ACTIVE_ARCH = YES;
				SDKROOT = iphoneos;
				SWIFT_ACTIVE_COMPILATION_CONDITIONS = "DEBUG $(inherited)";
				SWIFT_OPTIMIZATION_LEVEL = "-Onone";
			};
			name = Debug;
		};
		941E2FA52C88C38200659F36 /* Release */ = {
			isa = XCBuildConfiguration;
			buildSettings = {
				ALWAYS_SEARCH_USER_PATHS = NO;
				ASSETCATALOG_COMPILER_GENERATE_SWIFT_ASSET_SYMBOL_EXTENSIONS = YES;
				CLANG_ANALYZER_NONNULL = YES;
				CLANG_ANALYZER_NUMBER_OBJECT_CONVERSION = YES_AGGRESSIVE;
				CLANG_CXX_LANGUAGE_STANDARD = "gnu++20";
				CLANG_ENABLE_MODULES = YES;
				CLANG_ENABLE_OBJC_ARC = YES;
				CLANG_ENABLE_OBJC_WEAK = YES;
				CLANG_WARN_BLOCK_CAPTURE_AUTORELEASING = YES;
				CLANG_WARN_BOOL_CONVERSION = YES;
				CLANG_WARN_COMMA = YES;
				CLANG_WARN_CONSTANT_CONVERSION = YES;
				CLANG_WARN_DEPRECATED_OBJC_IMPLEMENTATIONS = YES;
				CLANG_WARN_DIRECT_OBJC_ISA_USAGE = YES_ERROR;
				CLANG_WARN_DOCUMENTATION_COMMENTS = YES;
				CLANG_WARN_EMPTY_BODY = YES;
				CLANG_WARN_ENUM_CONVERSION = YES;
				CLANG_WARN_INFINITE_RECURSION = YES;
				CLANG_WARN_INT_CONVERSION = YES;
				CLANG_WARN_NON_LITERAL_NULL_CONVERSION = YES;
				CLANG_WARN_OBJC_IMPLICIT_RETAIN_SELF = YES;
				CLANG_WARN_OBJC_LITERAL_CONVERSION = YES;
				CLANG_WARN_OBJC_ROOT_CLASS = YES_ERROR;
				CLANG_WARN_QUOTED_INCLUDE_IN_FRAMEWORK_HEADER = YES;
				CLANG_WARN_RANGE_LOOP_ANALYSIS = YES;
				CLANG_WARN_STRICT_PROTOTYPES = YES;
				CLANG_WARN_SUSPICIOUS_MOVE = YES;
				CLANG_WARN_UNGUARDED_AVAILABILITY = YES_AGGRESSIVE;
				CLANG_WARN_UNREACHABLE_CODE = YES;
				CLANG_WARN__DUPLICATE_METHOD_MATCH = YES;
				COPY_PHASE_STRIP = NO;
				DEBUG_INFORMATION_FORMAT = "dwarf-with-dsym";
				ENABLE_NS_ASSERTIONS = NO;
				ENABLE_STRICT_OBJC_MSGSEND = YES;
				ENABLE_USER_SCRIPT_SANDBOXING = YES;
				GCC_C_LANGUAGE_STANDARD = gnu17;
				GCC_NO_COMMON_BLOCKS = YES;
				GCC_WARN_64_TO_32_BIT_CONVERSION = YES;
				GCC_WARN_ABOUT_RETURN_TYPE = YES_ERROR;
				GCC_WARN_UNDECLARED_SELECTOR = YES;
				GCC_WARN_UNINITIALIZED_AUTOS = YES_AGGRESSIVE;
				GCC_WARN_UNUSED_FUNCTION = YES;
				GCC_WARN_UNUSED_VARIABLE = YES;
				IPHONEOS_DEPLOYMENT_TARGET = 17.0;
				LOCALIZATION_PREFERS_STRING_CATALOGS = YES;
				MTL_ENABLE_DEBUG_INFO = NO;
				MTL_FAST_MATH = YES;
				SDKROOT = iphoneos;
				SWIFT_COMPILATION_MODE = wholemodule;
				VALIDATE_PRODUCT = YES;
			};
			name = Release;
		};
		941E2FA72C88C38200659F36 /* Debug */ = {
			isa = XCBuildConfiguration;
			baseConfigurationReference = EC1D4DF63A9A7416B9A3E776 /* Pods-MapstedAppTemplateSampleIOS.debug.xcconfig */;
			buildSettings = {
				ASSETCATALOG_COMPILER_APPICON_NAME = AppIcon;
				ASSETCATALOG_COMPILER_GLOBAL_ACCENT_COLOR_NAME = AccentColor;
				CODE_SIGN_STYLE = Automatic;
				CURRENT_PROJECT_VERSION = 1;
				DEVELOPMENT_TEAM = 6YU4WVH5YQ;
				ENABLE_USER_SCRIPT_SANDBOXING = NO;
				GENERATE_INFOPLIST_FILE = YES;
				INFOPLIST_FILE = MapstedAppTemplateSampleIOS/Info.plist;
				INFOPLIST_KEY_UIApplicationSupportsIndirectInputEvents = YES;
				INFOPLIST_KEY_UILaunchStoryboardName = LaunchScreen;
				INFOPLIST_KEY_UIMainStoryboardFile = Main;
				INFOPLIST_KEY_UISupportedInterfaceOrientations_iPad = "UIInterfaceOrientationPortrait UIInterfaceOrientationPortraitUpsideDown UIInterfaceOrientationLandscapeLeft UIInterfaceOrientationLandscapeRight";
				INFOPLIST_KEY_UISupportedInterfaceOrientations_iPhone = "UIInterfaceOrientationPortrait UIInterfaceOrientationLandscapeLeft UIInterfaceOrientationLandscapeRight";
				IPHONEOS_DEPLOYMENT_TARGET = 13.0;
				LD_RUNPATH_SEARCH_PATHS = (
					"$(inherited)",
					"@executable_path/Frameworks",
				);
				MARKETING_VERSION = 1.0;
				PRODUCT_BUNDLE_IDENTIFIER = com.mapsted.MapstedAppTemplateSampleIOS;
				PRODUCT_NAME = "$(TARGET_NAME)";
				SWIFT_EMIT_LOC_STRINGS = YES;
				SWIFT_VERSION = 5.0;
				TARGETED_DEVICE_FAMILY = "1,2";
			};
			name = Debug;
		};
		941E2FA82C88C38200659F36 /* Release */ = {
			isa = XCBuildConfiguration;
			baseConfigurationReference = 85B5AE86E84E5BEFA53EA862 /* Pods-MapstedAppTemplateSampleIOS.release.xcconfig */;
			buildSettings = {
				ASSETCATALOG_COMPILER_APPICON_NAME = AppIcon;
				ASSETCATALOG_COMPILER_GLOBAL_ACCENT_COLOR_NAME = AccentColor;
				CODE_SIGN_STYLE = Automatic;
				CURRENT_PROJECT_VERSION = 1;
				DEVELOPMENT_TEAM = 6YU4WVH5YQ;
				ENABLE_USER_SCRIPT_SANDBOXING = NO;
				GENERATE_INFOPLIST_FILE = YES;
				INFOPLIST_FILE = MapstedAppTemplateSampleIOS/Info.plist;
				INFOPLIST_KEY_UIApplicationSupportsIndirectInputEvents = YES;
				INFOPLIST_KEY_UILaunchStoryboardName = LaunchScreen;
				INFOPLIST_KEY_UIMainStoryboardFile = Main;
				INFOPLIST_KEY_UISupportedInterfaceOrientations_iPad = "UIInterfaceOrientationPortrait UIInterfaceOrientationPortraitUpsideDown UIInterfaceOrientationLandscapeLeft UIInterfaceOrientationLandscapeRight";
				INFOPLIST_KEY_UISupportedInterfaceOrientations_iPhone = "UIInterfaceOrientationPortrait UIInterfaceOrientationLandscapeLeft UIInterfaceOrientationLandscapeRight";
				IPHONEOS_DEPLOYMENT_TARGET = 13.0;
				LD_RUNPATH_SEARCH_PATHS = (
					"$(inherited)",
					"@executable_path/Frameworks",
				);
				MARKETING_VERSION = 1.0;
				PRODUCT_BUNDLE_IDENTIFIER = com.mapsted.MapstedAppTemplateSampleIOS;
				PRODUCT_NAME = "$(TARGET_NAME)";
				SWIFT_EMIT_LOC_STRINGS = YES;
				SWIFT_VERSION = 5.0;
				TARGETED_DEVICE_FAMILY = "1,2";
			};
			name = Release;
		};
/* End XCBuildConfiguration section */

/* Begin XCConfigurationList section */
		941E2F8D2C88C38100659F36 /* Build configuration list for PBXProject "MapstedAppTemplateSampleIOS" */ = {
			isa = XCConfigurationList;
			buildConfigurations = (
				941E2FA42C88C38200659F36 /* Debug */,
				941E2FA52C88C38200659F36 /* Release */,
			);
			defaultConfigurationIsVisible = 0;
			defaultConfigurationName = Release;
		};
		941E2FA62C88C38200659F36 /* Build configuration list for PBXNativeTarget "MapstedAppTemplateSampleIOS" */ = {
			isa = XCConfigurationList;
			buildConfigurations = (
				941E2FA72C88C38200659F36 /* Debug */,
				941E2FA82C88C38200659F36 /* Release */,
			);
			defaultConfigurationIsVisible = 0;
			defaultConfigurationName = Release;
		};
/* End XCConfigurationList section */
	};
	rootObject = 941E2F8A2C88C38100659F36 /* Project object */;
}
